// !$*UTF8*$!
{
	archiveVersion = 1;
	classes = {
	};
	objectVersion = 46;
	objects = {

/* Begin PBXBuildFile section */
		69004D511B64B11B006204F1 /* AppDelegate.swift in Sources */ = {isa = PBXBuildFile; fileRef = 69004D501B64B11B006204F1 /* AppDelegate.swift */; };
		69004D531B64B11B006204F1 /* VRTakeMovieViewController.swift in Sources */ = {isa = PBXBuildFile; fileRef = 69004D521B64B11B006204F1 /* VRTakeMovieViewController.swift */; };
		69004D561B64B11B006204F1 /* Main.storyboard in Resources */ = {isa = PBXBuildFile; fileRef = 69004D541B64B11B006204F1 /* Main.storyboard */; };
		69004D581B64B11B006204F1 /* Assets.xcassets in Resources */ = {isa = PBXBuildFile; fileRef = 69004D571B64B11B006204F1 /* Assets.xcassets */; };
		69004D5B1B64B11B006204F1 /* LaunchScreen.storyboard in Resources */ = {isa = PBXBuildFile; fileRef = 69004D591B64B11B006204F1 /* LaunchScreen.storyboard */; };
		69004D661B64B11B006204F1 /* VRTakeMovieTests.swift in Sources */ = {isa = PBXBuildFile; fileRef = 69004D651B64B11B006204F1 /* VRTakeMovieTests.swift */; };
		69004D711B64B11B006204F1 /* VRTakeMovieUITests.swift in Sources */ = {isa = PBXBuildFile; fileRef = 69004D701B64B11B006204F1 /* VRTakeMovieUITests.swift */; };
		69004D7F1B64BCD6006204F1 /* MobileCoreServices.framework in Frameworks */ = {isa = PBXBuildFile; fileRef = 69004D7E1B64BCD5006204F1 /* MobileCoreServices.framework */; };
/* End PBXBuildFile section */

/* Begin PBXContainerItemProxy section */
		69004D621B64B11B006204F1 /* PBXContainerItemProxy */ = {
			isa = PBXContainerItemProxy;
			containerPortal = 69004D451B64B11B006204F1 /* Project object */;
			proxyType = 1;
			remoteGlobalIDString = 69004D4C1B64B11B006204F1;
			remoteInfo = VRTakeMovie;
		};
		69004D6D1B64B11B006204F1 /* PBXContainerItemProxy */ = {
			isa = PBXContainerItemProxy;
			containerPortal = 69004D451B64B11B006204F1 /* Project object */;
			proxyType = 1;
			remoteGlobalIDString = 69004D4C1B64B11B006204F1;
			remoteInfo = VRTakeMovie;
		};
/* End PBXContainerItemProxy section */

/* Begin PBXFileReference section */
		69004D4D1B64B11B006204F1 /* VRTakeMovie.app */ = {isa = PBXFileReference; explicitFileType = wrapper.application; includeInIndex = 0; path = VRTakeMovie.app; sourceTree = BUILT_PRODUCTS_DIR; };
		69004D501B64B11B006204F1 /* AppDelegate.swift */ = {isa = PBXFileReference; lastKnownFileType = sourcecode.swift; path = AppDelegate.swift; sourceTree = "<group>"; };
		69004D521B64B11B006204F1 /* VRTakeMovieViewController.swift */ = {isa = PBXFileReference; lastKnownFileType = sourcecode.swift; path = VRTakeMovieViewController.swift; sourceTree = "<group>"; };
		69004D551B64B11B006204F1 /* Base */ = {isa = PBXFileReference; lastKnownFileType = file.storyboard; name = Base; path = Base.lproj/Main.storyboard; sourceTree = "<group>"; };
		69004D571B64B11B006204F1 /* Assets.xcassets */ = {isa = PBXFileReference; lastKnownFileType = folder.assetcatalog; path = Assets.xcassets; sourceTree = "<group>"; };
		69004D5A1B64B11B006204F1 /* Base */ = {isa = PBXFileReference; lastKnownFileType = file.storyboard; name = Base; path = Base.lproj/LaunchScreen.storyboard; sourceTree = "<group>"; };
		69004D5C1B64B11B006204F1 /* Info.plist */ = {isa = PBXFileReference; lastKnownFileType = text.plist.xml; path = Info.plist; sourceTree = "<group>"; };
		69004D611B64B11B006204F1 /* VRTakeMovieTests.xctest */ = {isa = PBXFileReference; explicitFileType = wrapper.cfbundle; includeInIndex = 0; path = VRTakeMovieTests.xctest; sourceTree = BUILT_PRODUCTS_DIR; };
		69004D651B64B11B006204F1 /* VRTakeMovieTests.swift */ = {isa = PBXFileReference; lastKnownFileType = sourcecode.swift; path = VRTakeMovieTests.swift; sourceTree = "<group>"; };
		69004D671B64B11B006204F1 /* Info.plist */ = {isa = PBXFileReference; lastKnownFileType = text.plist.xml; path = Info.plist; sourceTree = "<group>"; };
		69004D6C1B64B11B006204F1 /* VRTakeMovieUITests.xctest */ = {isa = PBXFileReference; explicitFileType = wrapper.cfbundle; includeInIndex = 0; path = VRTakeMovieUITests.xctest; sourceTree = BUILT_PRODUCTS_DIR; };
		69004D701B64B11B006204F1 /* VRTakeMovieUITests.swift */ = {isa = PBXFileReference; lastKnownFileType = sourcecode.swift; path = VRTakeMovieUITests.swift; sourceTree = "<group>"; };
		69004D721B64B11B006204F1 /* Info.plist */ = {isa = PBXFileReference; lastKnownFileType = text.plist.xml; path = Info.plist; sourceTree = "<group>"; };
		69004D7E1B64BCD5006204F1 /* MobileCoreServices.framework */ = {isa = PBXFileReference; lastKnownFileType = wrapper.framework; name = MobileCoreServices.framework; path = System/Library/Frameworks/MobileCoreServices.framework; sourceTree = SDKROOT; };
/* End PBXFileReference section */

/* Begin PBXFrameworksBuildPhase section */
		69004D4A1B64B11B006204F1 /* Frameworks */ = {
			isa = PBXFrameworksBuildPhase;
			buildActionMask = 2147483647;
			files = (
				69004D7F1B64BCD6006204F1 /* MobileCoreServices.framework in Frameworks */,
			);
			runOnlyForDeploymentPostprocessing = 0;
		};
		69004D5E1B64B11B006204F1 /* Frameworks */ = {
			isa = PBXFrameworksBuildPhase;
			buildActionMask = 2147483647;
			files = (
			);
			runOnlyForDeploymentPostprocessing = 0;
		};
		69004D691B64B11B006204F1 /* Frameworks */ = {
			isa = PBXFrameworksBuildPhase;
			buildActionMask = 2147483647;
			files = (
			);
			runOnlyForDeploymentPostprocessing = 0;
		};
/* End PBXFrameworksBuildPhase section */

/* Begin PBXGroup section */
		69004D441B64B11B006204F1 = {
			isa = PBXGroup;
			children = (
				69004D7E1B64BCD5006204F1 /* MobileCoreServices.framework */,
				69004D4F1B64B11B006204F1 /* VRTakeMovie */,
				69004D641B64B11B006204F1 /* VRTakeMovieTests */,
				69004D6F1B64B11B006204F1 /* VRTakeMovieUITests */,
				69004D4E1B64B11B006204F1 /* Products */,
			);
			sourceTree = "<group>";
		};
		69004D4E1B64B11B006204F1 /* Products */ = {
			isa = PBXGroup;
			children = (
				69004D4D1B64B11B006204F1 /* VRTakeMovie.app */,
				69004D611B64B11B006204F1 /* VRTakeMovieTests.xctest */,
				69004D6C1B64B11B006204F1 /* VRTakeMovieUITests.xctest */,
			);
			name = Products;
			sourceTree = "<group>";
		};
		69004D4F1B64B11B006204F1 /* VRTakeMovie */ = {
			isa = PBXGroup;
			children = (
				69004D501B64B11B006204F1 /* AppDelegate.swift */,
				69004D521B64B11B006204F1 /* VRTakeMovieViewController.swift */,
				69004D541B64B11B006204F1 /* Main.storyboard */,
				69004D571B64B11B006204F1 /* Assets.xcassets */,
				69004D591B64B11B006204F1 /* LaunchScreen.storyboard */,
				69004D5C1B64B11B006204F1 /* Info.plist */,
			);
			path = VRTakeMovie;
			sourceTree = "<group>";
		};
		69004D641B64B11B006204F1 /* VRTakeMovieTests */ = {
			isa = PBXGroup;
			children = (
				69004D651B64B11B006204F1 /* VRTakeMovieTests.swift */,
				69004D671B64B11B006204F1 /* Info.plist */,
			);
			path = VRTakeMovieTests;
			sourceTree = "<group>";
		};
		69004D6F1B64B11B006204F1 /* VRTakeMovieUITests */ = {
			isa = PBXGroup;
			children = (
				69004D701B64B11B006204F1 /* VRTakeMovieUITests.swift */,
				69004D721B64B11B006204F1 /* Info.plist */,
			);
			path = VRTakeMovieUITests;
			sourceTree = "<group>";
		};
/* End PBXGroup section */

/* Begin PBXNativeTarget section */
		69004D4C1B64B11B006204F1 /* VRTakeMovie */ = {
			isa = PBXNativeTarget;
			buildConfigurationList = 69004D751B64B11B006204F1 /* Build configuration list for PBXNativeTarget "VRTakeMovie" */;
			buildPhases = (
				69004D491B64B11B006204F1 /* Sources */,
				69004D4A1B64B11B006204F1 /* Frameworks */,
				69004D4B1B64B11B006204F1 /* Resources */,
			);
			buildRules = (
			);
			dependencies = (
			);
			name = VRTakeMovie;
			productName = VRTakeMovie;
			productReference = 69004D4D1B64B11B006204F1 /* VRTakeMovie.app */;
			productType = "com.apple.product-type.application";
		};
		69004D601B64B11B006204F1 /* VRTakeMovieTests */ = {
			isa = PBXNativeTarget;
			buildConfigurationList = 69004D781B64B11B006204F1 /* Build configuration list for PBXNativeTarget "VRTakeMovieTests" */;
			buildPhases = (
				69004D5D1B64B11B006204F1 /* Sources */,
				69004D5E1B64B11B006204F1 /* Frameworks */,
				69004D5F1B64B11B006204F1 /* Resources */,
			);
			buildRules = (
			);
			dependencies = (
				69004D631B64B11B006204F1 /* PBXTargetDependency */,
			);
			name = VRTakeMovieTests;
			productName = VRTakeMovieTests;
			productReference = 69004D611B64B11B006204F1 /* VRTakeMovieTests.xctest */;
			productType = "com.apple.product-type.bundle.unit-test";
		};
		69004D6B1B64B11B006204F1 /* VRTakeMovieUITests */ = {
			isa = PBXNativeTarget;
			buildConfigurationList = 69004D7B1B64B11B006204F1 /* Build configuration list for PBXNativeTarget "VRTakeMovieUITests" */;
			buildPhases = (
				69004D681B64B11B006204F1 /* Sources */,
				69004D691B64B11B006204F1 /* Frameworks */,
				69004D6A1B64B11B006204F1 /* Resources */,
			);
			buildRules = (
			);
			dependencies = (
				69004D6E1B64B11B006204F1 /* PBXTargetDependency */,
			);
			name = VRTakeMovieUITests;
			productName = VRTakeMovieUITests;
			productReference = 69004D6C1B64B11B006204F1 /* VRTakeMovieUITests.xctest */;
			productType = "com.apple.product-type.bundle.ui-testing";
		};
/* End PBXNativeTarget section */

/* Begin PBXProject section */
		69004D451B64B11B006204F1 /* Project object */ = {
			isa = PBXProject;
			attributes = {
				LastUpgradeCheck = 0700;
				ORGANIZATIONNAME = matsuohiroki;
				TargetAttributes = {
					69004D4C1B64B11B006204F1 = {
						CreatedOnToolsVersion = 7.0;
						DevelopmentTeam = RCLFZFW8U7;
					};
					69004D601B64B11B006204F1 = {
						CreatedOnToolsVersion = 7.0;
						TestTargetID = 69004D4C1B64B11B006204F1;
					};
					69004D6B1B64B11B006204F1 = {
						CreatedOnToolsVersion = 7.0;
						TestTargetID = 69004D4C1B64B11B006204F1;
					};
				};
			};
			buildConfigurationList = 69004D481B64B11B006204F1 /* Build configuration list for PBXProject "VRTakeMovie" */;
			compatibilityVersion = "Xcode 3.2";
			developmentRegion = English;
			hasScannedForEncodings = 0;
			knownRegions = (
				en,
				Base,
			);
			mainGroup = 69004D441B64B11B006204F1;
			productRefGroup = 69004D4E1B64B11B006204F1 /* Products */;
			projectDirPath = "";
			projectRoot = "";
			targets = (
				69004D4C1B64B11B006204F1 /* VRTakeMovie */,
				69004D601B64B11B006204F1 /* VRTakeMovieTests */,
				69004D6B1B64B11B006204F1 /* VRTakeMovieUITests */,
			);
		};
/* End PBXProject section */

/* Begin PBXResourcesBuildPhase section */
		69004D4B1B64B11B006204F1 /* Resources */ = {
			isa = PBXResourcesBuildPhase;
			buildActionMask = 2147483647;
			files = (
				69004D5B1B64B11B006204F1 /* LaunchScreen.storyboard in Resources */,
				69004D581B64B11B006204F1 /* Assets.xcassets in Resources */,
				69004D561B64B11B006204F1 /* Main.storyboard in Resources */,
			);
			runOnlyForDeploymentPostprocessing = 0;
		};
		69004D5F1B64B11B006204F1 /* Resources */ = {
			isa = PBXResourcesBuildPhase;
			buildActionMask = 2147483647;
			files = (
			);
			runOnlyForDeploymentPostprocessing = 0;
		};
		69004D6A1B64B11B006204F1 /* Resources */ = {
			isa = PBXResourcesBuildPhase;
			buildActionMask = 2147483647;
			files = (
			);
			runOnlyForDeploymentPostprocessing = 0;
		};
/* End PBXResourcesBuildPhase section */

/* Begin PBXSourcesBuildPhase section */
		69004D491B64B11B006204F1 /* Sources */ = {
			isa = PBXSourcesBuildPhase;
			buildActionMask = 2147483647;
			files = (
				69004D531B64B11B006204F1 /* VRTakeMovieViewController.swift in Sources */,
				69004D511B64B11B006204F1 /* AppDelegate.swift in Sources */,
			);
			runOnlyForDeploymentPostprocessing = 0;
		};
		69004D5D1B64B11B006204F1 /* Sources */ = {
			isa = PBXSourcesBuildPhase;
			buildActionMask = 2147483647;
			files = (
				69004D661B64B11B006204F1 /* VRTakeMovieTests.swift in Sources */,
			);
			runOnlyForDeploymentPostprocessing = 0;
		};
		69004D681B64B11B006204F1 /* Sources */ = {
			isa = PBXSourcesBuildPhase;
			buildActionMask = 2147483647;
			files = (
				69004D711B64B11B006204F1 /* VRTakeMovieUITests.swift in Sources */,
			);
			runOnlyForDeploymentPostprocessing = 0;
		};
/* End PBXSourcesBuildPhase section */

/* Begin PBXTargetDependency section */
		69004D631B64B11B006204F1 /* PBXTargetDependency */ = {
			isa = PBXTargetDependency;
			target = 69004D4C1B64B11B006204F1 /* VRTakeMovie */;
			targetProxy = 69004D621B64B11B006204F1 /* PBXContainerItemProxy */;
		};
		69004D6E1B64B11B006204F1 /* PBXTargetDependency */ = {
			isa = PBXTargetDependency;
			target = 69004D4C1B64B11B006204F1 /* VRTakeMovie */;
			targetProxy = 69004D6D1B64B11B006204F1 /* PBXContainerItemProxy */;
		};
/* End PBXTargetDependency section */

/* Begin PBXVariantGroup section */
		69004D541B64B11B006204F1 /* Main.storyboard */ = {
			isa = PBXVariantGroup;
			children = (
				69004D551B64B11B006204F1 /* Base */,
			);
			name = Main.storyboard;
			sourceTree = "<group>";
		};
		69004D591B64B11B006204F1 /* LaunchScreen.storyboard */ = {
			isa = PBXVariantGroup;
			children = (
				69004D5A1B64B11B006204F1 /* Base */,
			);
			name = LaunchScreen.storyboard;
			sourceTree = "<group>";
		};
/* End PBXVariantGroup section */

/* Begin XCBuildConfiguration section */
		69004D731B64B11B006204F1 /* Debug */ = {
			isa = XCBuildConfiguration;
			buildSettings = {
				ALWAYS_SEARCH_USER_PATHS = NO;
				CLANG_CXX_LANGUAGE_STANDARD = "gnu++0x";
				CLANG_CXX_LIBRARY = "libc++";
				CLANG_ENABLE_MODULES = YES;
				CLANG_ENABLE_OBJC_ARC = YES;
				CLANG_WARN_BOOL_CONVERSION = YES;
				CLANG_WARN_CONSTANT_CONVERSION = YES;
				CLANG_WARN_DIRECT_OBJC_ISA_USAGE = YES_ERROR;
				CLANG_WARN_EMPTY_BODY = YES;
				CLANG_WARN_ENUM_CONVERSION = YES;
				CLANG_WARN_INT_CONVERSION = YES;
				CLANG_WARN_OBJC_ROOT_CLASS = YES_ERROR;
				CLANG_WARN_UNREACHABLE_CODE = YES;
				CLANG_WARN__DUPLICATE_METHOD_MATCH = YES;
				"CODE_SIGN_IDENTITY[sdk=iphoneos*]" = "iPhone Developer";
				COPY_PHASE_STRIP = NO;
				DEBUG_INFORMATION_FORMAT = dwarf;
				ENABLE_STRICT_OBJC_MSGSEND = YES;
				ENABLE_TESTABILITY = YES;
				GCC_C_LANGUAGE_STANDARD = gnu99;
				GCC_DYNAMIC_NO_PIC = NO;
				GCC_NO_COMMON_BLOCKS = YES;
				GCC_OPTIMIZATION_LEVEL = 0;
				GCC_PREPROCESSOR_DEFINITIONS = (
					"DEBUG=1",
					"$(inherited)",
				);
				GCC_WARN_64_TO_32_BIT_CONVERSION = YES;
				GCC_WARN_ABOUT_RETURN_TYPE = YES_ERROR;
				GCC_WARN_UNDECLARED_SELECTOR = YES;
				GCC_WARN_UNINITIALIZED_AUTOS = YES_AGGRESSIVE;
				GCC_WARN_UNUSED_FUNCTION = YES;
				GCC_WARN_UNUSED_VARIABLE = YES;
				IPHONEOS_DEPLOYMENT_TARGET = 9.0;
				MTL_ENABLE_DEBUG_INFO = YES;
				ONLY_ACTIVE_ARCH = YES;
				SDKROOT = iphoneos;
				SWIFT_OPTIMIZATION_LEVEL = "-Onone";
				TARGETED_DEVICE_FAMILY = "1,2";
			};
			name = Debug;
		};
		69004D741B64B11B006204F1 /* Release */ = {
			isa = XCBuildConfiguration;
			buildSettings = {
				ALWAYS_SEARCH_USER_PATHS = NO;
				CLANG_CXX_LANGUAGE_STANDARD = "gnu++0x";
				CLANG_CXX_LIBRARY = "libc++";
				CLANG_ENABLE_MODULES = YES;
				CLANG_ENABLE_OBJC_ARC = YES;
				CLANG_WARN_BOOL_CONVERSION = YES;
				CLANG_WARN_CONSTANT_CONVERSION = YES;
				CLANG_WARN_DIRECT_OBJC_ISA_USAGE = YES_ERROR;
				CLANG_WARN_EMPTY_BODY = YES;
				CLANG_WARN_ENUM_CONVERSION = YES;
				CLANG_WARN_INT_CONVERSION = YES;
				CLANG_WARN_OBJC_ROOT_CLASS = YES_ERROR;
				CLANG_WARN_UNREACHABLE_CODE = YES;
				CLANG_WARN__DUPLICATE_METHOD_MATCH = YES;
				"CODE_SIGN_IDENTITY[sdk=iphoneos*]" = "iPhone Developer";
				COPY_PHASE_STRIP = NO;
				DEBUG_INFORMATION_FORMAT = "dwarf-with-dsym";
				ENABLE_NS_ASSERTIONS = NO;
				ENABLE_STRICT_OBJC_MSGSEND = YES;
				GCC_C_LANGUAGE_STANDARD = gnu99;
				GCC_NO_COMMON_BLOCKS = YES;
				GCC_WARN_64_TO_32_BIT_CONVERSION = YES;
				GCC_WARN_ABOUT_RETURN_TYPE = YES_ERROR;
				GCC_WARN_UNDECLARED_SELECTOR = YES;
				GCC_WARN_UNINITIALIZED_AUTOS = YES_AGGRESSIVE;
				GCC_WARN_UNUSED_FUNCTION = YES;
				GCC_WARN_UNUSED_VARIABLE = YES;
				IPHONEOS_DEPLOYMENT_TARGET = 9.0;
				MTL_ENABLE_DEBUG_INFO = NO;
				SDKROOT = iphoneos;
				TARGETED_DEVICE_FAMILY = "1,2";
				VALIDATE_PRODUCT = YES;
			};
			name = Release;
		};
		69004D761B64B11B006204F1 /* Debug */ = {
			isa = XCBuildConfiguration;
			buildSettings = {
				ASSETCATALOG_COMPILER_APPICON_NAME = AppIcon;
				CODE_SIGN_IDENTITY = "iPhone Developer";
				"CODE_SIGN_IDENTITY[sdk=iphoneos*]" = "iPhone Developer";
				INFOPLIST_FILE = VRTakeMovie/Info.plist;
				IPHONEOS_DEPLOYMENT_TARGET = 8.0;
				LD_RUNPATH_SEARCH_PATHS = "$(inherited) @executable_path/Frameworks";
				PRODUCT_BUNDLE_IDENTIFIER = Individual.VRTakeMovie;
				PRODUCT_NAME = "$(TARGET_NAME)";
				PROVISIONING_PROFILE = "";
			};
			name = Debug;
		};
		69004D771B64B11B006204F1 /* Release */ = {
			isa = XCBuildConfiguration;
			buildSettings = {
				ASSETCATALOG_COMPILER_APPICON_NAME = AppIcon;
				CODE_SIGN_IDENTITY = "iPhone Developer";
				"CODE_SIGN_IDENTITY[sdk=iphoneos*]" = "iPhone Developer";
				INFOPLIST_FILE = VRTakeMovie/Info.plist;
				IPHONEOS_DEPLOYMENT_TARGET = 8.0;
				LD_RUNPATH_SEARCH_PATHS = "$(inherited) @executable_path/Frameworks";
				PRODUCT_BUNDLE_IDENTIFIER = Individual.VRTakeMovie;
				PRODUCT_NAME = "$(TARGET_NAME)";
				PROVISIONING_PROFILE = "";
			};
			name = Release;
		};
		69004D791B64B11B006204F1 /* Debug */ = {
			isa = XCBuildConfiguration;
			buildSettings = {
				BUNDLE_LOADER = "$(TEST_HOST)";
				INFOPLIST_FILE = VRTakeMovieTests/Info.plist;
				LD_RUNPATH_SEARCH_PATHS = "$(inherited) @executable_path/Frameworks @loader_path/Frameworks";
				PRODUCT_BUNDLE_IDENTIFIER = Individual.VRTakeMovieTests;
				PRODUCT_NAME = "$(TARGET_NAME)";
				TEST_HOST = "$(BUILT_PRODUCTS_DIR)/VRTakeMovie.app/VRTakeMovie";
			};
			name = Debug;
		};
		69004D7A1B64B11B006204F1 /* Release */ = {
			isa = XCBuildConfiguration;
			buildSettings = {
				BUNDLE_LOADER = "$(TEST_HOST)";
				INFOPLIST_FILE = VRTakeMovieTests/Info.plist;
				LD_RUNPATH_SEARCH_PATHS = "$(inherited) @executable_path/Frameworks @loader_path/Frameworks";
				PRODUCT_BUNDLE_IDENTIFIER = Individual.VRTakeMovieTests;
				PRODUCT_NAME = "$(TARGET_NAME)";
				TEST_HOST = "$(BUILT_PRODUCTS_DIR)/VRTakeMovie.app/VRTakeMovie";
			};
			name = Release;
		};
		69004D7C1B64B11B006204F1 /* Debug */ = {
			isa = XCBuildConfiguration;
			buildSettings = {
				INFOPLIST_FILE = VRTakeMovieUITests/Info.plist;
				LD_RUNPATH_SEARCH_PATHS = "$(inherited) @executable_path/Frameworks @loader_path/Frameworks";
				PRODUCT_BUNDLE_IDENTIFIER = Individual.VRTakeMovieUITests;
				PRODUCT_NAME = "$(TARGET_NAME)";
				TEST_TARGET_NAME = VRTakeMovie;
				USES_XCTRUNNER = YES;
			};
			name = Debug;
		};
		69004D7D1B64B11B006204F1 /* Release */ = {
			isa = XCBuildConfiguration;
			buildSettings = {
				INFOPLIST_FILE = VRTakeMovieUITests/Info.plist;
				LD_RUNPATH_SEARCH_PATHS = "$(inherited) @executable_path/Frameworks @loader_path/Frameworks";
				PRODUCT_BUNDLE_IDENTIFIER = Individual.VRTakeMovieUITests;
				PRODUCT_NAME = "$(TARGET_NAME)";
				TEST_TARGET_NAME = VRTakeMovie;
				USES_XCTRUNNER = YES;
			};
			name = Release;
		};
/* End XCBuildConfiguration section */

/* Begin XCConfigurationList section */
		69004D481B64B11B006204F1 /* Build configuration list for PBXProject "VRTakeMovie" */ = {
			isa = XCConfigurationList;
			buildConfigurations = (
				69004D731B64B11B006204F1 /* Debug */,
				69004D741B64B11B006204F1 /* Release */,
			);
			defaultConfigurationIsVisible = 0;
			defaultConfigurationName = Release;
		};
		69004D751B64B11B006204F1 /* Build configuration list for PBXNativeTarget "VRTakeMovie" */ = {
			isa = XCConfigurationList;
			buildConfigurations = (
				69004D761B64B11B006204F1 /* Debug */,
				69004D771B64B11B006204F1 /* Release */,
			);
			defaultConfigurationIsVisible = 0;
		};
		69004D781B64B11B006204F1 /* Build configuration list for PBXNativeTarget "VRTakeMovieTests" */ = {
			isa = XCConfigurationList;
			buildConfigurations = (
				69004D791B64B11B006204F1 /* Debug */,
				69004D7A1B64B11B006204F1 /* Release */,
			);
			defaultConfigurationIsVisible = 0;
		};
		69004D7B1B64B11B006204F1 /* Build configuration list for PBXNativeTarget "VRTakeMovieUITests" */ = {
			isa = XCConfigurationList;
			buildConfigurations = (
				69004D7C1B64B11B006204F1 /* Debug */,
				69004D7D1B64B11B006204F1 /* Release */,
			);
			defaultConfigurationIsVisible = 0;
		};
/* End XCConfigurationList section */
	};
	rootObject = 69004D451B64B11B006204F1 /* Project object */;
}
